
Microsoft Visual Studio Solution File, Format Version 12.00
Project("{FAE04EC0-301F-11D3-BF4B-00C04F79EFBC}") = "Snake", "Snake\Snake.csproj", "{DF7EEE2A-A444-4121-9EA1-13E09DBE443E}"
EndProject
Global
	GlobalSection(SolutionConfigurationPlatforms) = preSolution
		Debug|Any CPU = Debug|Any CPU
		Release|Any CPU = Release|Any CPU
	EndGlobalSection
	GlobalSection(ProjectConfigurationPlatforms) = postSolution
		{DF7EEE2A-A444-4121-9EA1-13E09DBE443E}.Debug|Any CPU.ActiveCfg = Debug|Any CPU
		{DF7EEE2A-A444-4121-9EA1-13E09DBE443E}.Debug|Any CPU.Build.0 = Debug|Any CPU
		{DF7EEE2A-A444-4121-9EA1-13E09DBE443E}.Release|Any CPU.ActiveCfg = Release|Any CPU
		{DF7EEE2A-A444-4121-9EA1-13E09DBE443E}.Release|Any CPU.Build.0 = Release|Any CPU
	EndGlobalSection
EndGlobal
